{
    "name": "@bdsx/Party-Plugin",
    "version": "1.0.0",
    "lockfileVersion": 3,
    "requires": true,
    "packages": {
        "": {
            "name": "@bdsx/Party-Plugin",
            "version": "1.0.0",
            "license": "CC0",
            "devDependencies": {
                "bdsx": "file:../bdsx"
            }
        },
        "../bdsx": {
            "dev": true
        },
        "node_modules/bdsx": {
            "resolved": "../bdsx",
            "link": true
        }
    }
}
